
Microsoft Visual Studio Solution File, Format Version 12.00
# Visual Studio Version 17
VisualStudioVersion = 17.9.34902.65
MinimumVisualStudioVersion = 10.0.40219.1
Project("{FAE04EC0-301F-11D3-BF4B-00C04F79EFBC}") = "K8.Pricing", "K8.Pricing.csproj", "{0B15A871-38F9-4721-85F2-B80523A871AE}"
EndProject
Global
	GlobalSection(SolutionConfigurationPlatforms) = preSolution
		Debug|Any CPU = Debug|Any CPU
		Release|Any CPU = Release|Any CPU
	EndGlobalSection
	GlobalSection(ProjectConfigurationPlatforms) = postSolution
		{0B15A871-38F9-4721-85F2-B80523A871AE}.Debug|Any CPU.ActiveCfg = Debug|Any CPU
		{0B15A871-38F9-4721-85F2-B80523A871AE}.Debug|Any CPU.Build.0 = Debug|Any CPU
		{0B15A871-38F9-4721-85F2-B80523A871AE}.Release|Any CPU.ActiveCfg = Release|Any CPU
		{0B15A871-38F9-4721-85F2-B80523A871AE}.Release|Any CPU.Build.0 = Release|Any CPU
	EndGlobalSection
	GlobalSection(SolutionProperties) = preSolution
		HideSolutionNode = FALSE
	EndGlobalSection
	GlobalSection(ExtensibilityGlobals) = postSolution
		SolutionGuid = {59F5AAFE-9263-4E86-9193-6B6941BD08AA}
	EndGlobalSection
EndGlobal
